
Microsoft Visual Studio Solution File, Format Version 12.00
# Visual Studio 15
VisualStudioVersion = 15.0.27428.1
MinimumVisualStudioVersion = 10.0.40219.1
Project("{FAE04EC0-301F-11D3-BF4B-00C04F79EFBC}") = "RelativityAlertPIEH", "RelativityAlertPIEH\RelativityAlertPIEH.csproj", "{3024D240-EA76-49A7-A2E7-B4CBE9DA2344}"
EndProject
Project("{2150E333-8FDC-42A3-9474-1A3956D46DE8}") = "Solution Items", "Solution Items", "{FD47785E-3CB9-4BBA-84AF-9C821EFE2B01}"
	ProjectSection(SolutionItems) = preProject
		CHANGELOG.md = CHANGELOG.md
		README.md = README.md
	EndProjectSection
EndProject
Global
	GlobalSection(SolutionConfigurationPlatforms) = preSolution
		Debug|Any CPU = Debug|Any CPU
		Release|Any CPU = Release|Any CPU
	EndGlobalSection
	GlobalSection(ProjectConfigurationPlatforms) = postSolution
		{3024D240-EA76-49A7-A2E7-B4CBE9DA2344}.Debug|Any CPU.ActiveCfg = Debug|Any CPU
		{3024D240-EA76-49A7-A2E7-B4CBE9DA2344}.Debug|Any CPU.Build.0 = Debug|Any CPU
		{3024D240-EA76-49A7-A2E7-B4CBE9DA2344}.Release|Any CPU.ActiveCfg = Release|Any CPU
		{3024D240-EA76-49A7-A2E7-B4CBE9DA2344}.Release|Any CPU.Build.0 = Release|Any CPU
	EndGlobalSection
	GlobalSection(SolutionProperties) = preSolution
		HideSolutionNode = FALSE
	EndGlobalSection
	GlobalSection(ExtensibilityGlobals) = postSolution
		SolutionGuid = {B888754A-81CC-438A-860D-965305C8FF25}
	EndGlobalSection
EndGlobal
